// !$*UTF8*$!
{
	archiveVersion = 1;
	classes = {
	};
	objectVersion = 46;
	objects = {

/* Begin PBXBuildFile section */
		5601282B843CDB63474F1B38 /* Pods_Pokemon.framework in Frameworks */ = {isa = PBXBuildFile; fileRef = 120A824977F5F8F6C1C7FCB3 /* Pods_Pokemon.framework */; };
		A00687671D04BBFA00EE39F1 /* Pokemon.swift in Sources */ = {isa = PBXBuildFile; fileRef = A00687661D04BBFA00EE39F1 /* Pokemon.swift */; };
		A052B0AF1CFE033E002255A6 /* pokemon.csv in Resources */ = {isa = PBXBuildFile; fileRef = A052B0AE1CFE033E002255A6 /* pokemon.csv */; };
		A0907F7E1D072D93005B3337 /* Constants.swift in Sources */ = {isa = PBXBuildFile; fileRef = A0907F7D1D072D93005B3337 /* Constants.swift */; };
		A09E83CF1CFDFD9E0085B944 /* AppDelegate.swift in Sources */ = {isa = PBXBuildFile; fileRef = A09E83CE1CFDFD9E0085B944 /* AppDelegate.swift */; };
		A09E83D11CFDFD9E0085B944 /* ViewController.swift in Sources */ = {isa = PBXBuildFile; fileRef = A09E83D01CFDFD9E0085B944 /* ViewController.swift */; };
		A09E83D41CFDFD9E0085B944 /* Main.storyboard in Resources */ = {isa = PBXBuildFile; fileRef = A09E83D21CFDFD9E0085B944 /* Main.storyboard */; };
		A09E83D61CFDFD9E0085B944 /* Assets.xcassets in Resources */ = {isa = PBXBuildFile; fileRef = A09E83D51CFDFD9E0085B944 /* Assets.xcassets */; };
		A09E83D91CFDFD9E0085B944 /* LaunchScreen.storyboard in Resources */ = {isa = PBXBuildFile; fileRef = A09E83D71CFDFD9E0085B944 /* LaunchScreen.storyboard */; };
/* End PBXBuildFile section */

/* Begin PBXFileReference section */
		120A824977F5F8F6C1C7FCB3 /* Pods_Pokemon.framework */ = {isa = PBXFileReference; explicitFileType = wrapper.framework; includeInIndex = 0; path = Pods_Pokemon.framework; sourceTree = BUILT_PRODUCTS_DIR; };
		1A975C7B57F217F47C2617DD /* Pods-Pokemon.debug.xcconfig */ = {isa = PBXFileReference; includeInIndex = 1; lastKnownFileType = text.xcconfig; name = "Pods-Pokemon.debug.xcconfig"; path = "Pods/Target Support Files/Pods-Pokemon/Pods-Pokemon.debug.xcconfig"; sourceTree = "<group>"; };
		A00687661D04BBFA00EE39F1 /* Pokemon.swift */ = {isa = PBXFileReference; fileEncoding = 4; lastKnownFileType = sourcecode.swift; path = Pokemon.swift; sourceTree = "<group>"; };
		A052B0AE1CFE033E002255A6 /* pokemon.csv */ = {isa = PBXFileReference; fileEncoding = 4; lastKnownFileType = text; path = pokemon.csv; sourceTree = "<group>"; };
		A0907F7D1D072D93005B3337 /* Constants.swift */ = {isa = PBXFileReference; fileEncoding = 4; lastKnownFileType = sourcecode.swift; path = Constants.swift; sourceTree = "<group>"; };
		A09E83CB1CFDFD9E0085B944 /* Pokemon.app */ = {isa = PBXFileReference; explicitFileType = wrapper.application; includeInIndex = 0; path = Pokemon.app; sourceTree = BUILT_PRODUCTS_DIR; };
		A09E83CE1CFDFD9E0085B944 /* AppDelegate.swift */ = {isa = PBXFileReference; lastKnownFileType = sourcecode.swift; path = AppDelegate.swift; sourceTree = "<group>"; };
		A09E83D01CFDFD9E0085B944 /* ViewController.swift */ = {isa = PBXFileReference; lastKnownFileType = sourcecode.swift; path = ViewController.swift; sourceTree = "<group>"; };
		A09E83D31CFDFD9E0085B944 /* Base */ = {isa = PBXFileReference; lastKnownFileType = file.storyboard; name = Base; path = Base.lproj/Main.storyboard; sourceTree = "<group>"; };
		A09E83D51CFDFD9E0085B944 /* Assets.xcassets */ = {isa = PBXFileReference; lastKnownFileType = folder.assetcatalog; path = Assets.xcassets; sourceTree = "<group>"; };
		A09E83D81CFDFD9E0085B944 /* Base */ = {isa = PBXFileReference; lastKnownFileType = file.storyboard; name = Base; path = Base.lproj/LaunchScreen.storyboard; sourceTree = "<group>"; };
		A09E83DA1CFDFD9E0085B944 /* Info.plist */ = {isa = PBXFileReference; lastKnownFileType = text.plist.xml; path = Info.plist; sourceTree = "<group>"; };
		A4AA81E828510C2438D34E98 /* Pods-Pokemon.release.xcconfig */ = {isa = PBXFileReference; includeInIndex = 1; lastKnownFileType = text.xcconfig; name = "Pods-Pokemon.release.xcconfig"; path = "Pods/Target Support Files/Pods-Pokemon/Pods-Pokemon.release.xcconfig"; sourceTree = "<group>"; };
/* End PBXFileReference section */

/* Begin PBXFrameworksBuildPhase section */
		A09E83C81CFDFD9E0085B944 /* Frameworks */ = {
			isa = PBXFrameworksBuildPhase;
			buildActionMask = 2147483647;
			files = (
				5601282B843CDB63474F1B38 /* Pods_Pokemon.framework in Frameworks */,
			);
			runOnlyForDeploymentPostprocessing = 0;
		};
/* End PBXFrameworksBuildPhase section */

/* Begin PBXGroup section */
		8FC6B8A70E2150CF9AF54358 /* Frameworks */ = {
			isa = PBXGroup;
			children = (
				120A824977F5F8F6C1C7FCB3 /* Pods_Pokemon.framework */,
			);
			name = Frameworks;
			sourceTree = "<group>";
		};
		A00687621D04BB5B00EE39F1 /* Model */ = {
			isa = PBXGroup;
			children = (
				A00687661D04BBFA00EE39F1 /* Pokemon.swift */,
			);
			name = Model;
			sourceTree = "<group>";
		};
		A00687631D04BB6C00EE39F1 /* View */ = {
			isa = PBXGroup;
			children = (
			);
			name = View;
			sourceTree = "<group>";
		};
		A00687641D04BB8A00EE39F1 /* Controller */ = {
			isa = PBXGroup;
			children = (
				A09E83D01CFDFD9E0085B944 /* ViewController.swift */,
			);
			name = Controller;
			sourceTree = "<group>";
		};
		A00687651D04BBC300EE39F1 /* Resources */ = {
			isa = PBXGroup;
			children = (
				A052B0AE1CFE033E002255A6 /* pokemon.csv */,
			);
			name = Resources;
			sourceTree = "<group>";
		};
		A0907F7C1D072D4F005B3337 /* Util */ = {
			isa = PBXGroup;
			children = (
				A0907F7D1D072D93005B3337 /* Constants.swift */,
			);
			name = Util;
			sourceTree = "<group>";
		};
		A09E83C21CFDFD9E0085B944 = {
			isa = PBXGroup;
			children = (
				A09E83CD1CFDFD9E0085B944 /* Pokemon */,
				A09E83CC1CFDFD9E0085B944 /* Products */,
				ABF19ECB222C634145FE4B13 /* Pods */,
				8FC6B8A70E2150CF9AF54358 /* Frameworks */,
			);
			sourceTree = "<group>";
		};
		A09E83CC1CFDFD9E0085B944 /* Products */ = {
			isa = PBXGroup;
			children = (
				A09E83CB1CFDFD9E0085B944 /* Pokemon.app */,
			);
			name = Products;
			sourceTree = "<group>";
		};
		A09E83CD1CFDFD9E0085B944 /* Pokemon */ = {
			isa = PBXGroup;
			children = (
				A00687621D04BB5B00EE39F1 /* Model */,
				A00687631D04BB6C00EE39F1 /* View */,
				A00687641D04BB8A00EE39F1 /* Controller */,
				A00687651D04BBC300EE39F1 /* Resources */,
				A0907F7C1D072D4F005B3337 /* Util */,
				A09E83CE1CFDFD9E0085B944 /* AppDelegate.swift */,
				A09E83D21CFDFD9E0085B944 /* Main.storyboard */,
				A09E83D51CFDFD9E0085B944 /* Assets.xcassets */,
				A09E83D71CFDFD9E0085B944 /* LaunchScreen.storyboard */,
				A09E83DA1CFDFD9E0085B944 /* Info.plist */,
			);
			path = Pokemon;
			sourceTree = "<group>";
		};
		ABF19ECB222C634145FE4B13 /* Pods */ = {
			isa = PBXGroup;
			children = (
				1A975C7B57F217F47C2617DD /* Pods-Pokemon.debug.xcconfig */,
				A4AA81E828510C2438D34E98 /* Pods-Pokemon.release.xcconfig */,
			);
			name = Pods;
			sourceTree = "<group>";
		};
/* End PBXGroup section */

/* Begin PBXNativeTarget section */
		A09E83CA1CFDFD9E0085B944 /* Pokemon */ = {
			isa = PBXNativeTarget;
			buildConfigurationList = A09E83DD1CFDFD9E0085B944 /* Build configuration list for PBXNativeTarget "Pokemon" */;
			buildPhases = (
				7252AC33CC0E4FF7F3FE0ECE /* 📦 Check Pods Manifest.lock */,
				A09E83C71CFDFD9E0085B944 /* Sources */,
				A09E83C81CFDFD9E0085B944 /* Frameworks */,
				A09E83C91CFDFD9E0085B944 /* Resources */,
				EB88BEEBC561EAA887C3EE87 /* 📦 Embed Pods Frameworks */,
				55741F54C03B0491ADA93566 /* 📦 Copy Pods Resources */,
			);
			buildRules = (
			);
			dependencies = (
			);
			name = Pokemon;
			productName = Pokemon;
			productReference = A09E83CB1CFDFD9E0085B944 /* Pokemon.app */;
			productType = "com.apple.product-type.application";
		};
/* End PBXNativeTarget section */

/* Begin PBXProject section */
		A09E83C31CFDFD9E0085B944 /* Project object */ = {
			isa = PBXProject;
			attributes = {
				LastSwiftUpdateCheck = 0730;
				LastUpgradeCheck = 0730;
				ORGANIZATIONNAME = "Abhishek H P";
				TargetAttributes = {
					A09E83CA1CFDFD9E0085B944 = {
						CreatedOnToolsVersion = 7.3.1;
						DevelopmentTeam = XZLS43B666;
					};
				};
			};
			buildConfigurationList = A09E83C61CFDFD9E0085B944 /* Build configuration list for PBXProject "Pokemon" */;
			compatibilityVersion = "Xcode 3.2";
			developmentRegion = English;
			hasScannedForEncodings = 0;
			knownRegions = (
				en,
				Base,
			);
			mainGroup = A09E83C21CFDFD9E0085B944;
			productRefGroup = A09E83CC1CFDFD9E0085B944 /* Products */;
			projectDirPath = "";
			projectRoot = "";
			targets = (
				A09E83CA1CFDFD9E0085B944 /* Pokemon */,
			);
		};
/* End PBXProject section */

/* Begin PBXResourcesBuildPhase section */
		A09E83C91CFDFD9E0085B944 /* Resources */ = {
			isa = PBXResourcesBuildPhase;
			buildActionMask = 2147483647;
			files = (
				A09E83D91CFDFD9E0085B944 /* LaunchScreen.storyboard in Resources */,
				A09E83D61CFDFD9E0085B944 /* Assets.xcassets in Resources */,
				A052B0AF1CFE033E002255A6 /* pokemon.csv in Resources */,
				A09E83D41CFDFD9E0085B944 /* Main.storyboard in Resources */,
			);
			runOnlyForDeploymentPostprocessing = 0;
		};
/* End PBXResourcesBuildPhase section */

/* Begin PBXShellScriptBuildPhase section */
		55741F54C03B0491ADA93566 /* 📦 Copy Pods Resources */ = {
			isa = PBXShellScriptBuildPhase;
			buildActionMask = 2147483647;
			files = (
			);
			inputPaths = (
			);
			name = "📦 Copy Pods Resources";
			outputPaths = (
			);
			runOnlyForDeploymentPostprocessing = 0;
			shellPath = /bin/sh;
			shellScript = "\"${SRCROOT}/Pods/Target Support Files/Pods-Pokemon/Pods-Pokemon-resources.sh\"\n";
			showEnvVarsInLog = 0;
		};
		7252AC33CC0E4FF7F3FE0ECE /* 📦 Check Pods Manifest.lock */ = {
			isa = PBXShellScriptBuildPhase;
			buildActionMask = 2147483647;
			files = (
			);
			inputPaths = (
			);
			name = "📦 Check Pods Manifest.lock";
			outputPaths = (
			);
			runOnlyForDeploymentPostprocessing = 0;
			shellPath = /bin/sh;
			shellScript = "diff \"${PODS_ROOT}/../Podfile.lock\" \"${PODS_ROOT}/Manifest.lock\" > /dev/null\nif [[ $? != 0 ]] ; then\n    cat << EOM\nerror: The sandbox is not in sync with the Podfile.lock. Run 'pod install' or update your CocoaPods installation.\nEOM\n    exit 1\nfi\n";
			showEnvVarsInLog = 0;
		};
		EB88BEEBC561EAA887C3EE87 /* 📦 Embed Pods Frameworks */ = {
			isa = PBXShellScriptBuildPhase;
			buildActionMask = 2147483647;
			files = (
			);
			inputPaths = (
			);
			name = "📦 Embed Pods Frameworks";
			outputPaths = (
			);
			runOnlyForDeploymentPostprocessing = 0;
			shellPath = /bin/sh;
			shellScript = "\"${SRCROOT}/Pods/Target Support Files/Pods-Pokemon/Pods-Pokemon-frameworks.sh\"\n";
			showEnvVarsInLog = 0;
		};
/* End PBXShellScriptBuildPhase section */

/* Begin PBXSourcesBuildPhase section */
		A09E83C71CFDFD9E0085B944 /* Sources */ = {
			isa = PBXSourcesBuildPhase;
			buildActionMask = 2147483647;
			files = (
				A09E83D11CFDFD9E0085B944 /* ViewController.swift in Sources */,
				A09E83CF1CFDFD9E0085B944 /* AppDelegate.swift in Sources */,
				A00687671D04BBFA00EE39F1 /* Pokemon.swift in Sources */,
				A0907F7E1D072D93005B3337 /* Constants.swift in Sources */,
			);
			runOnlyForDeploymentPostprocessing = 0;
		};
/* End PBXSourcesBuildPhase section */

/* Begin PBXVariantGroup section */
		A09E83D21CFDFD9E0085B944 /* Main.storyboard */ = {
			isa = PBXVariantGroup;
			children = (
				A09E83D31CFDFD9E0085B944 /* Base */,
			);
			name = Main.storyboard;
			sourceTree = "<group>";
		};
		A09E83D71CFDFD9E0085B944 /* LaunchScreen.storyboard */ = {
			isa = PBXVariantGroup;
			children = (
				A09E83D81CFDFD9E0085B944 /* Base */,
			);
			name = LaunchScreen.storyboard;
			sourceTree = "<group>";
		};
/* End PBXVariantGroup section */

/* Begin XCBuildConfiguration section */
		A09E83DB1CFDFD9E0085B944 /* Debug */ = {
			isa = XCBuildConfiguration;
			buildSettings = {
				ALWAYS_SEARCH_USER_PATHS = NO;
				CLANG_ANALYZER_NONNULL = YES;
				CLANG_CXX_LANGUAGE_STANDARD = "gnu++0x";
				CLANG_CXX_LIBRARY = "libc++";
				CLANG_ENABLE_MODULES = YES;
				CLANG_ENABLE_OBJC_ARC = YES;
				CLANG_WARN_BOOL_CONVERSION = YES;
				CLANG_WARN_CONSTANT_CONVERSION = YES;
				CLANG_WARN_DIRECT_OBJC_ISA_USAGE = YES_ERROR;
				CLANG_WARN_EMPTY_BODY = YES;
				CLANG_WARN_ENUM_CONVERSION = YES;
				CLANG_WARN_INT_CONVERSION = YES;
				CLANG_WARN_OBJC_ROOT_CLASS = YES_ERROR;
				CLANG_WARN_UNREACHABLE_CODE = YES;
				CLANG_WARN__DUPLICATE_METHOD_MATCH = YES;
				"CODE_SIGN_IDENTITY[sdk=iphoneos*]" = "iPhone Developer";
				COPY_PHASE_STRIP = NO;
				DEBUG_INFORMATION_FORMAT = dwarf;
				ENABLE_STRICT_OBJC_MSGSEND = YES;
				ENABLE_TESTABILITY = YES;
				GCC_C_LANGUAGE_STANDARD = gnu99;
				GCC_DYNAMIC_NO_PIC = NO;
				GCC_NO_COMMON_BLOCKS = YES;
				GCC_OPTIMIZATION_LEVEL = 0;
				GCC_PREPROCESSOR_DEFINITIONS = (
					"DEBUG=1",
					"$(inherited)",
				);
				GCC_WARN_64_TO_32_BIT_CONVERSION = YES;
				GCC_WARN_ABOUT_RETURN_TYPE = YES_ERROR;
				GCC_WARN_UNDECLARED_SELECTOR = YES;
				GCC_WARN_UNINITIALIZED_AUTOS = YES_AGGRESSIVE;
				GCC_WARN_UNUSED_FUNCTION = YES;
				GCC_WARN_UNUSED_VARIABLE = YES;
				IPHONEOS_DEPLOYMENT_TARGET = 9.3;
				MTL_ENABLE_DEBUG_INFO = YES;
				ONLY_ACTIVE_ARCH = YES;
				SDKROOT = iphoneos;
				SWIFT_OPTIMIZATION_LEVEL = "-Onone";
				TARGETED_DEVICE_FAMILY = "1,2";
			};
			name = Debug;
		};
		A09E83DC1CFDFD9E0085B944 /* Release */ = {
			isa = XCBuildConfiguration;
			buildSettings = {
				ALWAYS_SEARCH_USER_PATHS = NO;
				CLANG_ANALYZER_NONNULL = YES;
				CLANG_CXX_LANGUAGE_STANDARD = "gnu++0x";
				CLANG_CXX_LIBRARY = "libc++";
				CLANG_ENABLE_MODULES = YES;
				CLANG_ENABLE_OBJC_ARC = YES;
				CLANG_WARN_BOOL_CONVERSION = YES;
				CLANG_WARN_CONSTANT_CONVERSION = YES;
				CLANG_WARN_DIRECT_OBJC_ISA_USAGE = YES_ERROR;
				CLANG_WARN_EMPTY_BODY = YES;
				CLANG_WARN_ENUM_CONVERSION = YES;
				CLANG_WARN_INT_CONVERSION = YES;
				CLANG_WARN_OBJC_ROOT_CLASS = YES_ERROR;
				CLANG_WARN_UNREACHABLE_CODE = YES;
				CLANG_WARN__DUPLICATE_METHOD_MATCH = YES;
				"CODE_SIGN_IDENTITY[sdk=iphoneos*]" = "iPhone Developer";
				COPY_PHASE_STRIP = NO;
				DEBUG_INFORMATION_FORMAT = "dwarf-with-dsym";
				ENABLE_NS_ASSERTIONS = NO;
				ENABLE_STRICT_OBJC_MSGSEND = YES;
				GCC_C_LANGUAGE_STANDARD = gnu99;
				GCC_NO_COMMON_BLOCKS = YES;
				GCC_WARN_64_TO_32_BIT_CONVERSION = YES;
				GCC_WARN_ABOUT_RETURN_TYPE = YES_ERROR;
				GCC_WARN_UNDECLARED_SELECTOR = YES;
				GCC_WARN_UNINITIALIZED_AUTOS = YES_AGGRESSIVE;
				GCC_WARN_UNUSED_FUNCTION = YES;
				GCC_WARN_UNUSED_VARIABLE = YES;
				IPHONEOS_DEPLOYMENT_TARGET = 9.3;
				MTL_ENABLE_DEBUG_INFO = NO;
				SDKROOT = iphoneos;
				TARGETED_DEVICE_FAMILY = "1,2";
				VALIDATE_PRODUCT = YES;
			};
			name = Release;
		};
		A09E83DE1CFDFD9E0085B944 /* Debug */ = {
			isa = XCBuildConfiguration;
			baseConfigurationReference = 1A975C7B57F217F47C2617DD /* Pods-Pokemon.debug.xcconfig */;
			buildSettings = {
				ASSETCATALOG_COMPILER_APPICON_NAME = AppIcon;
				INFOPLIST_FILE = Pokemon/Info.plist;
				LD_RUNPATH_SEARCH_PATHS = "$(inherited) @executable_path/Frameworks";
				PRODUCT_BUNDLE_IDENTIFIER = com.abs.Pokemon;
				PRODUCT_NAME = "$(TARGET_NAME)";
			};
			name = Debug;
		};
		A09E83DF1CFDFD9E0085B944 /* Release */ = {
			isa = XCBuildConfiguration;
			baseConfigurationReference = A4AA81E828510C2438D34E98 /* Pods-Pokemon.release.xcconfig */;
			buildSettings = {
				ASSETCATALOG_COMPILER_APPICON_NAME = AppIcon;
				INFOPLIST_FILE = Pokemon/Info.plist;
				LD_RUNPATH_SEARCH_PATHS = "$(inherited) @executable_path/Frameworks";
				PRODUCT_BUNDLE_IDENTIFIER = com.abs.Pokemon;
				PRODUCT_NAME = "$(TARGET_NAME)";
			};
			name = Release;
		};
/* End XCBuildConfiguration section */

/* Begin XCConfigurationList section */
		A09E83C61CFDFD9E0085B944 /* Build configuration list for PBXProject "Pokemon" */ = {
			isa = XCConfigurationList;
			buildConfigurations = (
				A09E83DB1CFDFD9E0085B944 /* Debug */,
				A09E83DC1CFDFD9E0085B944 /* Release */,
			);
			defaultConfigurationIsVisible = 0;
			defaultConfigurationName = Release;
		};
		A09E83DD1CFDFD9E0085B944 /* Build configuration list for PBXNativeTarget "Pokemon" */ = {
			isa = XCConfigurationList;
			buildConfigurations = (
				A09E83DE1CFDFD9E0085B944 /* Debug */,
				A09E83DF1CFDFD9E0085B944 /* Release */,
			);
			defaultConfigurationIsVisible = 0;
			defaultConfigurationName = Release;
		};
/* End XCConfigurationList section */
	};
	rootObject = A09E83C31CFDFD9E0085B944 /* Project object */;
}
